
Microsoft Visual Studio Solution File, Format Version 12.00
# Visual Studio Version 16
VisualStudioVersion = 16.0.31729.503
MinimumVisualStudioVersion = 10.0.40219.1
Project("{9A19103F-16F7-4668-BE54-9A1E7A4F7556}") = "APIGoldenRaspberryAwards", "src\APIGoldenRaspberryAwards\APIGoldenRaspberryAwards.csproj", "{8314020A-7078-4DF8-AFBE-572155B14813}"
EndProject
Project("{FAE04EC0-301F-11D3-BF4B-00C04F79EFBC}") = "APIGoldenRaspberryAwards.Tests", "tests\APIGoldenRaspberryAwards.Tests\APIGoldenRaspberryAwards.Tests.csproj", "{7DC7022E-939F-4E92-AB67-781B354C4ED4}"
EndProject
Global
	GlobalSection(SolutionConfigurationPlatforms) = preSolution
		Debug|Any CPU = Debug|Any CPU
		Release|Any CPU = Release|Any CPU
	EndGlobalSection
	GlobalSection(ProjectConfigurationPlatforms) = postSolution
		{8314020A-7078-4DF8-AFBE-572155B14813}.Debug|Any CPU.ActiveCfg = Debug|Any CPU
		{8314020A-7078-4DF8-AFBE-572155B14813}.Debug|Any CPU.Build.0 = Debug|Any CPU
		{8314020A-7078-4DF8-AFBE-572155B14813}.Release|Any CPU.ActiveCfg = Release|Any CPU
		{8314020A-7078-4DF8-AFBE-572155B14813}.Release|Any CPU.Build.0 = Release|Any CPU
		{7DC7022E-939F-4E92-AB67-781B354C4ED4}.Debug|Any CPU.ActiveCfg = Debug|Any CPU
		{7DC7022E-939F-4E92-AB67-781B354C4ED4}.Debug|Any CPU.Build.0 = Debug|Any CPU
		{7DC7022E-939F-4E92-AB67-781B354C4ED4}.Release|Any CPU.ActiveCfg = Release|Any CPU
		{7DC7022E-939F-4E92-AB67-781B354C4ED4}.Release|Any CPU.Build.0 = Release|Any CPU
	EndGlobalSection
	GlobalSection(SolutionProperties) = preSolution
		HideSolutionNode = FALSE
	EndGlobalSection
	GlobalSection(ExtensibilityGlobals) = postSolution
		SolutionGuid = {DFDAF631-F4E6-47AF-9502-083047628123}
	EndGlobalSection
EndGlobal
